Microsoft Visual Studio Solution File, Format Version 12.00
# Visual Studio Version 17
VisualStudioVersion = 17.5.2.0
MinimumVisualStudioVersion = 10.0.40219.1
Project("{FAE04EC0-301F-11D3-BF4B-00C04F79EFBC}") = "BartenderHelper.Api", "BartenderHelper.Api\BartenderHelper.Api.csproj", "{683D7044-041A-30B0-66BA-7C5DCF713F20}"
EndProject
Global
	GlobalSection(SolutionConfigurationPlatforms) = preSolution
		Debug|Any CPU = Debug|Any CPU
		Release|Any CPU = Release|Any CPU
	EndGlobalSection
	GlobalSection(ProjectConfigurationPlatforms) = postSolution
		{683D7044-041A-30B0-66BA-7C5DCF713F20}.Debug|Any CPU.ActiveCfg = Debug|Any CPU
		{683D7044-041A-30B0-66BA-7C5DCF713F20}.Debug|Any CPU.Build.0 = Debug|Any CPU
		{683D7044-041A-30B0-66BA-7C5DCF713F20}.Release|Any CPU.ActiveCfg = Release|Any CPU
		{683D7044-041A-30B0-66BA-7C5DCF713F20}.Release|Any CPU.Build.0 = Release|Any CPU
	EndGlobalSection
	GlobalSection(SolutionProperties) = preSolution
		HideSolutionNode = FALSE
	EndGlobalSection
	GlobalSection(ExtensibilityGlobals) = postSolution
		SolutionGuid = {09FA5281-69CC-4048-BDA0-6C2840FC7327}
	EndGlobalSection
EndGlobal
